
Microsoft Visual Studio Solution File, Format Version 12.00
# Visual Studio 15
VisualStudioVersion = 15.0.28307.438
MinimumVisualStudioVersion = 10.0.40219.1
Project("{8BC9CEB8-8B4A-11D0-8D11-00A0C91BC942}") = "lab5", "lab5\lab5.vcxproj", "{1C1EDEE8-9BA0-4517-ADCB-645795A62CEC}"
EndProject
Global
	GlobalSection(SolutionConfigurationPlatforms) = preSolution
		Debug|x64 = Debug|x64
		Release|x64 = Release|x64
	EndGlobalSection
	GlobalSection(ProjectConfigurationPlatforms) = postSolution
		{1C1EDEE8-9BA0-4517-ADCB-645795A62CEC}.Debug|x64.ActiveCfg = Debug|x64
		{1C1EDEE8-9BA0-4517-ADCB-645795A62CEC}.Debug|x64.Build.0 = Debug|x64
		{1C1EDEE8-9BA0-4517-ADCB-645795A62CEC}.Release|x64.ActiveCfg = Release|x64
		{1C1EDEE8-9BA0-4517-ADCB-645795A62CEC}.Release|x64.Build.0 = Release|x64
	EndGlobalSection
	GlobalSection(SolutionProperties) = preSolution
		HideSolutionNode = FALSE
	EndGlobalSection
	GlobalSection(ExtensibilityGlobals) = postSolution
		SolutionGuid = {D3B5E4E3-F827-4059-A7EC-768403083F4A}
	EndGlobalSection
EndGlobal
